
Microsoft Visual Studio Solution File, Format Version 11.00
# Visual Studio 2010
Project("{FAE04EC0-301F-11D3-BF4B-00C04F79EFBC}") = "Sujithkphp", "Sujithkphp\Sujithkphp.csproj", "{A988AF0A-069B-438B-BFA0-467F5591A01D}"
EndProject
Global
	GlobalSection(SolutionConfigurationPlatforms) = preSolution
		Debug|Any CPU = Debug|Any CPU
		Release|Any CPU = Release|Any CPU
	EndGlobalSection
	GlobalSection(ProjectConfigurationPlatforms) = postSolution
		{A988AF0A-069B-438B-BFA0-467F5591A01D}.Debug|Any CPU.ActiveCfg = Debug|Any CPU
		{A988AF0A-069B-438B-BFA0-467F5591A01D}.Debug|Any CPU.Build.0 = Debug|Any CPU
		{A988AF0A-069B-438B-BFA0-467F5591A01D}.Release|Any CPU.ActiveCfg = Release|Any CPU
		{A988AF0A-069B-438B-BFA0-467F5591A01D}.Release|Any CPU.Build.0 = Release|Any CPU
	EndGlobalSection
	GlobalSection(SolutionProperties) = preSolution
		HideSolutionNode = FALSE
	EndGlobalSection
EndGlobal
